Microsoft Visual Studio Solution File, Format Version 12.00
# Visual Studio Version 17
VisualStudioVersion = 17.5.2.0
MinimumVisualStudioVersion = 10.0.40219.1
Project("{FAE04EC0-301F-11D3-BF4B-00C04F79EFBC}") = "MeuPrimeiroRepo", "MeuPrimeiroRepo.csproj", "{AF754844-5774-9F31-646C-802FB692BEF8}"
EndProject
Global
	GlobalSection(SolutionConfigurationPlatforms) = preSolution
		Debug|Any CPU = Debug|Any CPU
		Release|Any CPU = Release|Any CPU
	EndGlobalSection
	GlobalSection(ProjectConfigurationPlatforms) = postSolution
		{AF754844-5774-9F31-646C-802FB692BEF8}.Debug|Any CPU.ActiveCfg = Debug|Any CPU
		{AF754844-5774-9F31-646C-802FB692BEF8}.Debug|Any CPU.Build.0 = Debug|Any CPU
		{AF754844-5774-9F31-646C-802FB692BEF8}.Release|Any CPU.ActiveCfg = Release|Any CPU
		{AF754844-5774-9F31-646C-802FB692BEF8}.Release|Any CPU.Build.0 = Release|Any CPU
	EndGlobalSection
	GlobalSection(SolutionProperties) = preSolution
		HideSolutionNode = FALSE
	EndGlobalSection
	GlobalSection(ExtensibilityGlobals) = postSolution
		SolutionGuid = {A71843D1-ECD7-4EBF-B006-3A80027900F4}
	EndGlobalSection
EndGlobal
